
Microsoft Visual Studio Solution File, Format Version 12.00
# Visual Studio Version 17
VisualStudioVersion = 17.13.35806.99
MinimumVisualStudioVersion = 10.0.40219.1
Project("{FAE04EC0-301F-11D3-BF4B-00C04F79EFBC}") = "SportReserve_Users", "SportReserve_Users.csproj", "{220E0591-ED23-4D81-AEAB-EB08AF81197F}"
EndProject
Project("{FAE04EC0-301F-11D3-BF4B-00C04F79EFBC}") = "SportReserve_Shared", "..\SportReserve_Shared\SportReserve_Shared.csproj", "{024C8644-2473-49C8-A269-26D0D59EF0A0}"
EndProject
Project("{FAE04EC0-301F-11D3-BF4B-00C04F79EFBC}") = "SportReserve_Users_Db", "..\SportReserve_Users_Db\SportReserve_Users_Db.csproj", "{BD6625C2-8DF1-6FB2-B0BD-C5FC7488633F}"
EndProject
Project("{FAE04EC0-301F-11D3-BF4B-00C04F79EFBC}") = "SportReserve_Users_UnitTests", "..\SportReserve_Users_UnitTests\SportReserve_Users_UnitTests.csproj", "{F1729615-B7B2-28CD-852B-C3771EEA2B7C}"
EndProject
Project("{FAE04EC0-301F-11D3-BF4B-00C04F79EFBC}") = "SportReserve_ApiGateway", "..\SportReserve_ApiGateway\SportReserve_ApiGateway.csproj", "{8A43A4A2-03D7-296B-4ACE-E2376E5B8A2F}"
EndProject
Project("{FAE04EC0-301F-11D3-BF4B-00C04F79EFBC}") = "SportReserve_Races_Db", "..\SportReserve_Races_Db\SportReserve_Races_Db.csproj", "{FA3F9993-6BBE-4E84-BBD9-18A8D45BB3B5}"
EndProject
Project("{FAE04EC0-301F-11D3-BF4B-00C04F79EFBC}") = "SportReserve_Races", "..\SportReserve_Races\SportReserve_Races.csproj", "{FA4F9954-E9A0-8A40-FFC0-05829D0D9DBB}"
EndProject
Project("{FAE04EC0-301F-11D3-BF4B-00C04F79EFBC}") = "SportReserve_Shared_UnitTests", "..\SportReserve_Shared_UnitTests\SportReserve_Shared_UnitTests.csproj", "{D23855F5-960F-4714-B4D7-8E2D385EA528}"
EndProject
Project("{FAE04EC0-301F-11D3-BF4B-00C04F79EFBC}") = "SportReserve_Emails", "..\SportReserve_Emails\SportReserve_Emails.csproj", "{08FA7248-88CF-4DAB-8B27-F494BDE0532C}"
EndProject
Project("{FAE04EC0-301F-11D3-BF4B-00C04F79EFBC}") = "SportReserve_Reservations", "..\SportReserve_Reservations\SportReserve_Reservations.csproj", "{238FEAD9-0CA7-42C8-B8B7-D7D886AE049C}"
EndProject
Project("{FAE04EC0-301F-11D3-BF4B-00C04F79EFBC}") = "SportReserve_Emails_UnitTests", "..\SportReserve_Emails_UnitTests\SportReserve_Emails_UnitTests.csproj", "{46BFF455-7716-4573-B0F6-A8E6F81A5B7E}"
EndProject
Project("{FAE04EC0-301F-11D3-BF4B-00C04F79EFBC}") = "SportReserve_Reservations_UnitTests", "..\SportReserve_Reservations_UnitTests\SportReserve_Reservations_UnitTests.csproj", "{34349639-6224-4C5A-88A6-5538C13EDA4D}"
EndProject
Project("{FAE04EC0-301F-11D3-BF4B-00C04F79EFBC}") = "SportReserve_Races_UnitTests", "..\SportReserve_Races_UnitTests\SportReserve_Races_UnitTests.csproj", "{841C4FBF-B9F8-4F02-B5B9-6DC69BEFABD2}"
EndProject
Global
	GlobalSection(SolutionConfigurationPlatforms) = preSolution
		Debug|Any CPU = Debug|Any CPU
		Release|Any CPU = Release|Any CPU
	EndGlobalSection
	GlobalSection(ProjectConfigurationPlatforms) = postSolution
		{220E0591-ED23-4D81-AEAB-EB08AF81197F}.Debug|Any CPU.ActiveCfg = Debug|Any CPU
		{220E0591-ED23-4D81-AEAB-EB08AF81197F}.Debug|Any CPU.Build.0 = Debug|Any CPU
		{220E0591-ED23-4D81-AEAB-EB08AF81197F}.Release|Any CPU.ActiveCfg = Release|Any CPU
		{220E0591-ED23-4D81-AEAB-EB08AF81197F}.Release|Any CPU.Build.0 = Release|Any CPU
		{024C8644-2473-49C8-A269-26D0D59EF0A0}.Debug|Any CPU.ActiveCfg = Debug|Any CPU
		{024C8644-2473-49C8-A269-26D0D59EF0A0}.Debug|Any CPU.Build.0 = Debug|Any CPU
		{024C8644-2473-49C8-A269-26D0D59EF0A0}.Release|Any CPU.ActiveCfg = Release|Any CPU
		{024C8644-2473-49C8-A269-26D0D59EF0A0}.Release|Any CPU.Build.0 = Release|Any CPU
		{BD6625C2-8DF1-6FB2-B0BD-C5FC7488633F}.Debug|Any CPU.ActiveCfg = Debug|Any CPU
		{BD6625C2-8DF1-6FB2-B0BD-C5FC7488633F}.Debug|Any CPU.Build.0 = Debug|Any CPU
		{BD6625C2-8DF1-6FB2-B0BD-C5FC7488633F}.Release|Any CPU.ActiveCfg = Release|Any CPU
		{BD6625C2-8DF1-6FB2-B0BD-C5FC7488633F}.Release|Any CPU.Build.0 = Release|Any CPU
		{F1729615-B7B2-28CD-852B-C3771EEA2B7C}.Debug|Any CPU.ActiveCfg = Debug|Any CPU
		{F1729615-B7B2-28CD-852B-C3771EEA2B7C}.Debug|Any CPU.Build.0 = Debug|Any CPU
		{F1729615-B7B2-28CD-852B-C3771EEA2B7C}.Release|Any CPU.ActiveCfg = Release|Any CPU
		{F1729615-B7B2-28CD-852B-C3771EEA2B7C}.Release|Any CPU.Build.0 = Release|Any CPU
		{8A43A4A2-03D7-296B-4ACE-E2376E5B8A2F}.Debug|Any CPU.ActiveCfg = Debug|Any CPU
		{8A43A4A2-03D7-296B-4ACE-E2376E5B8A2F}.Debug|Any CPU.Build.0 = Debug|Any CPU
		{8A43A4A2-03D7-296B-4ACE-E2376E5B8A2F}.Release|Any CPU.ActiveCfg = Release|Any CPU
		{8A43A4A2-03D7-296B-4ACE-E2376E5B8A2F}.Release|Any CPU.Build.0 = Release|Any CPU
		{FA3F9993-6BBE-4E84-BBD9-18A8D45BB3B5}.Debug|Any CPU.ActiveCfg = Debug|Any CPU
		{FA3F9993-6BBE-4E84-BBD9-18A8D45BB3B5}.Debug|Any CPU.Build.0 = Debug|Any CPU
		{FA3F9993-6BBE-4E84-BBD9-18A8D45BB3B5}.Release|Any CPU.ActiveCfg = Release|Any CPU
		{FA3F9993-6BBE-4E84-BBD9-18A8D45BB3B5}.Release|Any CPU.Build.0 = Release|Any CPU
		{FA4F9954-E9A0-8A40-FFC0-05829D0D9DBB}.Debug|Any CPU.ActiveCfg = Debug|Any CPU
		{FA4F9954-E9A0-8A40-FFC0-05829D0D9DBB}.Debug|Any CPU.Build.0 = Debug|Any CPU
		{FA4F9954-E9A0-8A40-FFC0-05829D0D9DBB}.Release|Any CPU.ActiveCfg = Release|Any CPU
		{FA4F9954-E9A0-8A40-FFC0-05829D0D9DBB}.Release|Any CPU.Build.0 = Release|Any CPU
		{D23855F5-960F-4714-B4D7-8E2D385EA528}.Debug|Any CPU.ActiveCfg = Debug|Any CPU
		{D23855F5-960F-4714-B4D7-8E2D385EA528}.Debug|Any CPU.Build.0 = Debug|Any CPU
		{D23855F5-960F-4714-B4D7-8E2D385EA528}.Release|Any CPU.ActiveCfg = Release|Any CPU
		{D23855F5-960F-4714-B4D7-8E2D385EA528}.Release|Any CPU.Build.0 = Release|Any CPU
		{08FA7248-88CF-4DAB-8B27-F494BDE0532C}.Debug|Any CPU.ActiveCfg = Debug|Any CPU
		{08FA7248-88CF-4DAB-8B27-F494BDE0532C}.Debug|Any CPU.Build.0 = Debug|Any CPU
		{08FA7248-88CF-4DAB-8B27-F494BDE0532C}.Release|Any CPU.ActiveCfg = Release|Any CPU
		{08FA7248-88CF-4DAB-8B27-F494BDE0532C}.Release|Any CPU.Build.0 = Release|Any CPU
		{238FEAD9-0CA7-42C8-B8B7-D7D886AE049C}.Debug|Any CPU.ActiveCfg = Debug|Any CPU
		{238FEAD9-0CA7-42C8-B8B7-D7D886AE049C}.Debug|Any CPU.Build.0 = Debug|Any CPU
		{238FEAD9-0CA7-42C8-B8B7-D7D886AE049C}.Release|Any CPU.ActiveCfg = Release|Any CPU
		{238FEAD9-0CA7-42C8-B8B7-D7D886AE049C}.Release|Any CPU.Build.0 = Release|Any CPU
		{46BFF455-7716-4573-B0F6-A8E6F81A5B7E}.Debug|Any CPU.ActiveCfg = Debug|Any CPU
		{46BFF455-7716-4573-B0F6-A8E6F81A5B7E}.Debug|Any CPU.Build.0 = Debug|Any CPU
		{46BFF455-7716-4573-B0F6-A8E6F81A5B7E}.Release|Any CPU.ActiveCfg = Release|Any CPU
		{46BFF455-7716-4573-B0F6-A8E6F81A5B7E}.Release|Any CPU.Build.0 = Release|Any CPU
		{34349639-6224-4C5A-88A6-5538C13EDA4D}.Debug|Any CPU.ActiveCfg = Debug|Any CPU
		{34349639-6224-4C5A-88A6-5538C13EDA4D}.Debug|Any CPU.Build.0 = Debug|Any CPU
		{34349639-6224-4C5A-88A6-5538C13EDA4D}.Release|Any CPU.ActiveCfg = Release|Any CPU
		{34349639-6224-4C5A-88A6-5538C13EDA4D}.Release|Any CPU.Build.0 = Release|Any CPU
		{841C4FBF-B9F8-4F02-B5B9-6DC69BEFABD2}.Debug|Any CPU.ActiveCfg = Debug|Any CPU
		{841C4FBF-B9F8-4F02-B5B9-6DC69BEFABD2}.Debug|Any CPU.Build.0 = Debug|Any CPU
		{841C4FBF-B9F8-4F02-B5B9-6DC69BEFABD2}.Release|Any CPU.ActiveCfg = Release|Any CPU
		{841C4FBF-B9F8-4F02-B5B9-6DC69BEFABD2}.Release|Any CPU.Build.0 = Release|Any CPU
	EndGlobalSection
	GlobalSection(SolutionProperties) = preSolution
		HideSolutionNode = FALSE
	EndGlobalSection
	GlobalSection(ExtensibilityGlobals) = postSolution
		SolutionGuid = {6CC0C175-D697-4ADE-8737-8B83B30A4A9B}
	EndGlobalSection
EndGlobal
